
Microsoft Visual Studio Solution File, Format Version 12.00
# Visual Studio 14
VisualStudioVersion = 14.0.24720.0
MinimumVisualStudioVersion = 10.0.40219.1
Project("{FAE04EC0-301F-11D3-BF4B-00C04F79EFBC}") = "ObjectLifetime", "ObjectLifetime\ObjectLifetime.csproj", "{714079DB-2B51-4C2E-9596-8A9EE85BF43F}"
EndProject
Global
	GlobalSection(SolutionConfigurationPlatforms) = preSolution
		Debug|Any CPU = Debug|Any CPU
		Release|Any CPU = Release|Any CPU
	EndGlobalSection
	GlobalSection(ProjectConfigurationPlatforms) = postSolution
		{714079DB-2B51-4C2E-9596-8A9EE85BF43F}.Debug|Any CPU.ActiveCfg = Debug|Any CPU
		{714079DB-2B51-4C2E-9596-8A9EE85BF43F}.Debug|Any CPU.Build.0 = Debug|Any CPU
		{714079DB-2B51-4C2E-9596-8A9EE85BF43F}.Release|Any CPU.ActiveCfg = Release|Any CPU
		{714079DB-2B51-4C2E-9596-8A9EE85BF43F}.Release|Any CPU.Build.0 = Release|Any CPU
	EndGlobalSection
	GlobalSection(SolutionProperties) = preSolution
		HideSolutionNode = FALSE
	EndGlobalSection
EndGlobal
